
Microsoft Visual Studio Solution File, Format Version 12.00
# Visual Studio 2013
VisualStudioVersion = 12.0.31101.0
MinimumVisualStudioVersion = 10.0.40219.1
Project("{8BC9CEB8-8B4A-11D0-8D11-00A0C91BC942}") = "imdrv", "kernel\imdrv\imdrv.vcxproj", "{46188C73-C71F-4F42-81DE-8B5A72C6931F}"
EndProject
Project("{8BC9CEB8-8B4A-11D0-8D11-00A0C91BC942}") = "imlib", "libs\imlib\imlib.vcxproj", "{77FC5195-3485-459F-B891-6058F5B7B814}"
EndProject
Project("{8BC9CEB8-8B4A-11D0-8D11-00A0C91BC942}") = "imapp", "client\imapp\imapp.vcxproj", "{E012D57A-822A-4186-821B-7D11079E99DC}"
EndProject
Project("{8BC9CEB8-8B4A-11D0-8D11-00A0C91BC942}") = "testapp", "tests\testapp\testapp.vcxproj", "{CE756A3E-0729-4843-A81E-39845A263240}"
EndProject
Project("{2150E333-8FDC-42A3-9474-1A3956D46DE8}") = "tests", "tests", "{C4BAFCB7-D91A-40D4-8F9D-E31322CEDDA3}"
EndProject
Project("{8BC9CEB8-8B4A-11D0-8D11-00A0C91BC942}") = "testlib0", "tests\testlib0\testlib0.vcxproj", "{55AFC206-D186-4933-ABCA-2256CF0FFBC4}"
EndProject
Project("{8BC9CEB8-8B4A-11D0-8D11-00A0C91BC942}") = "testlib1", "tests\testlib1\testlib1.vcxproj", "{01D298FC-A5B5-4FEF-AB18-F85EEDFB699B}"
EndProject
Global
	GlobalSection(SolutionConfigurationPlatforms) = preSolution
		Debug|ARM = Debug|ARM
		Debug|Win32 = Debug|Win32
		Debug|x64 = Debug|x64
		Release|ARM = Release|ARM
		Release|Win32 = Release|Win32
		Release|x64 = Release|x64
		Win7 Debug|ARM = Win7 Debug|ARM
		Win7 Debug|Win32 = Win7 Debug|Win32
		Win7 Debug|x64 = Win7 Debug|x64
		Win7 Release|ARM = Win7 Release|ARM
		Win7 Release|Win32 = Win7 Release|Win32
		Win7 Release|x64 = Win7 Release|x64
	EndGlobalSection
	GlobalSection(ProjectConfigurationPlatforms) = postSolution
		{46188C73-C71F-4F42-81DE-8B5A72C6931F}.Debug|ARM.ActiveCfg = Win7 Debug|x64
		{46188C73-C71F-4F42-81DE-8B5A72C6931F}.Debug|Win32.ActiveCfg = Win7 Debug|x64
		{46188C73-C71F-4F42-81DE-8B5A72C6931F}.Debug|x64.ActiveCfg = Win7 Debug|x64
		{46188C73-C71F-4F42-81DE-8B5A72C6931F}.Debug|x64.Build.0 = Win7 Debug|x64
		{46188C73-C71F-4F42-81DE-8B5A72C6931F}.Debug|x64.Deploy.0 = Win7 Debug|x64
		{46188C73-C71F-4F42-81DE-8B5A72C6931F}.Release|ARM.ActiveCfg = Win7 Release|x64
		{46188C73-C71F-4F42-81DE-8B5A72C6931F}.Release|Win32.ActiveCfg = Win7 Release|x64
		{46188C73-C71F-4F42-81DE-8B5A72C6931F}.Release|x64.ActiveCfg = Win7 Release|x64
		{46188C73-C71F-4F42-81DE-8B5A72C6931F}.Release|x64.Build.0 = Win7 Release|x64
		{46188C73-C71F-4F42-81DE-8B5A72C6931F}.Release|x64.Deploy.0 = Win7 Release|x64
		{46188C73-C71F-4F42-81DE-8B5A72C6931F}.Win7 Debug|ARM.ActiveCfg = Win7 Debug|x64
		{46188C73-C71F-4F42-81DE-8B5A72C6931F}.Win7 Debug|Win32.ActiveCfg = Win7 Debug|x64
		{46188C73-C71F-4F42-81DE-8B5A72C6931F}.Win7 Debug|x64.ActiveCfg = Win7 Debug|x64
		{46188C73-C71F-4F42-81DE-8B5A72C6931F}.Win7 Debug|x64.Build.0 = Win7 Debug|x64
		{46188C73-C71F-4F42-81DE-8B5A72C6931F}.Win7 Debug|x64.Deploy.0 = Win7 Debug|x64
		{46188C73-C71F-4F42-81DE-8B5A72C6931F}.Win7 Release|ARM.ActiveCfg = Win7 Release|x64
		{46188C73-C71F-4F42-81DE-8B5A72C6931F}.Win7 Release|Win32.ActiveCfg = Win7 Release|x64
		{46188C73-C71F-4F42-81DE-8B5A72C6931F}.Win7 Release|x64.ActiveCfg = Win7 Release|x64
		{46188C73-C71F-4F42-81DE-8B5A72C6931F}.Win7 Release|x64.Build.0 = Win7 Release|x64
		{46188C73-C71F-4F42-81DE-8B5A72C6931F}.Win7 Release|x64.Deploy.0 = Win7 Release|x64
		{77FC5195-3485-459F-B891-6058F5B7B814}.Debug|ARM.ActiveCfg = Debug|x64
		{77FC5195-3485-459F-B891-6058F5B7B814}.Debug|Win32.ActiveCfg = Debug|x64
		{77FC5195-3485-459F-B891-6058F5B7B814}.Debug|x64.ActiveCfg = Debug|x64
		{77FC5195-3485-459F-B891-6058F5B7B814}.Debug|x64.Build.0 = Debug|x64
		{77FC5195-3485-459F-B891-6058F5B7B814}.Debug|x64.Deploy.0 = Debug|x64
		{77FC5195-3485-459F-B891-6058F5B7B814}.Release|ARM.ActiveCfg = Release|x64
		{77FC5195-3485-459F-B891-6058F5B7B814}.Release|Win32.ActiveCfg = Release|x64
		{77FC5195-3485-459F-B891-6058F5B7B814}.Release|x64.ActiveCfg = Release|x64
		{77FC5195-3485-459F-B891-6058F5B7B814}.Release|x64.Build.0 = Release|x64
		{77FC5195-3485-459F-B891-6058F5B7B814}.Release|x64.Deploy.0 = Release|x64
		{77FC5195-3485-459F-B891-6058F5B7B814}.Win7 Debug|ARM.ActiveCfg = Debug|x64
		{77FC5195-3485-459F-B891-6058F5B7B814}.Win7 Debug|Win32.ActiveCfg = Debug|x64
		{77FC5195-3485-459F-B891-6058F5B7B814}.Win7 Debug|x64.ActiveCfg = Debug|x64
		{77FC5195-3485-459F-B891-6058F5B7B814}.Win7 Debug|x64.Build.0 = Debug|x64
		{77FC5195-3485-459F-B891-6058F5B7B814}.Win7 Debug|x64.Deploy.0 = Debug|x64
		{77FC5195-3485-459F-B891-6058F5B7B814}.Win7 Release|ARM.ActiveCfg = Release|x64
		{77FC5195-3485-459F-B891-6058F5B7B814}.Win7 Release|Win32.ActiveCfg = Release|x64
		{77FC5195-3485-459F-B891-6058F5B7B814}.Win7 Release|x64.ActiveCfg = Release|x64
		{77FC5195-3485-459F-B891-6058F5B7B814}.Win7 Release|x64.Build.0 = Release|x64
		{77FC5195-3485-459F-B891-6058F5B7B814}.Win7 Release|x64.Deploy.0 = Release|x64
		{E012D57A-822A-4186-821B-7D11079E99DC}.Debug|ARM.ActiveCfg = Debug|x64
		{E012D57A-822A-4186-821B-7D11079E99DC}.Debug|Win32.ActiveCfg = Debug|x64
		{E012D57A-822A-4186-821B-7D11079E99DC}.Debug|x64.ActiveCfg = Debug|x64
		{E012D57A-822A-4186-821B-7D11079E99DC}.Debug|x64.Build.0 = Debug|x64
		{E012D57A-822A-4186-821B-7D11079E99DC}.Debug|x64.Deploy.0 = Debug|x64
		{E012D57A-822A-4186-821B-7D11079E99DC}.Release|ARM.ActiveCfg = Release|x64
		{E012D57A-822A-4186-821B-7D11079E99DC}.Release|Win32.ActiveCfg = Release|x64
		{E012D57A-822A-4186-821B-7D11079E99DC}.Release|x64.ActiveCfg = Release|x64
		{E012D57A-822A-4186-821B-7D11079E99DC}.Release|x64.Build.0 = Release|x64
		{E012D57A-822A-4186-821B-7D11079E99DC}.Release|x64.Deploy.0 = Release|x64
		{E012D57A-822A-4186-821B-7D11079E99DC}.Win7 Debug|ARM.ActiveCfg = Debug|x64
		{E012D57A-822A-4186-821B-7D11079E99DC}.Win7 Debug|Win32.ActiveCfg = Debug|x64
		{E012D57A-822A-4186-821B-7D11079E99DC}.Win7 Debug|x64.ActiveCfg = Debug|x64
		{E012D57A-822A-4186-821B-7D11079E99DC}.Win7 Debug|x64.Build.0 = Debug|x64
		{E012D57A-822A-4186-821B-7D11079E99DC}.Win7 Debug|x64.Deploy.0 = Debug|x64
		{E012D57A-822A-4186-821B-7D11079E99DC}.Win7 Release|ARM.ActiveCfg = Release|x64
		{E012D57A-822A-4186-821B-7D11079E99DC}.Win7 Release|Win32.ActiveCfg = Release|x64
		{E012D57A-822A-4186-821B-7D11079E99DC}.Win7 Release|x64.ActiveCfg = Release|x64
		{E012D57A-822A-4186-821B-7D11079E99DC}.Win7 Release|x64.Build.0 = Release|x64
		{E012D57A-822A-4186-821B-7D11079E99DC}.Win7 Release|x64.Deploy.0 = Release|x64
		{CE756A3E-0729-4843-A81E-39845A263240}.Debug|ARM.ActiveCfg = Debug|Win32
		{CE756A3E-0729-4843-A81E-39845A263240}.Debug|Win32.ActiveCfg = Debug|Win32
		{CE756A3E-0729-4843-A81E-39845A263240}.Debug|Win32.Build.0 = Debug|Win32
		{CE756A3E-0729-4843-A81E-39845A263240}.Debug|x64.ActiveCfg = Debug|x64
		{CE756A3E-0729-4843-A81E-39845A263240}.Debug|x64.Build.0 = Debug|x64
		{CE756A3E-0729-4843-A81E-39845A263240}.Debug|x64.Deploy.0 = Debug|x64
		{CE756A3E-0729-4843-A81E-39845A263240}.Release|ARM.ActiveCfg = Release|Win32
		{CE756A3E-0729-4843-A81E-39845A263240}.Release|Win32.ActiveCfg = Release|Win32
		{CE756A3E-0729-4843-A81E-39845A263240}.Release|Win32.Build.0 = Release|Win32
		{CE756A3E-0729-4843-A81E-39845A263240}.Release|x64.ActiveCfg = Release|x64
		{CE756A3E-0729-4843-A81E-39845A263240}.Release|x64.Build.0 = Release|x64
		{CE756A3E-0729-4843-A81E-39845A263240}.Release|x64.Deploy.0 = Release|x64
		{CE756A3E-0729-4843-A81E-39845A263240}.Win7 Debug|ARM.ActiveCfg = Debug|Win32
		{CE756A3E-0729-4843-A81E-39845A263240}.Win7 Debug|Win32.ActiveCfg = Debug|Win32
		{CE756A3E-0729-4843-A81E-39845A263240}.Win7 Debug|Win32.Build.0 = Debug|Win32
		{CE756A3E-0729-4843-A81E-39845A263240}.Win7 Debug|x64.ActiveCfg = Debug|x64
		{CE756A3E-0729-4843-A81E-39845A263240}.Win7 Debug|x64.Build.0 = Debug|x64
		{CE756A3E-0729-4843-A81E-39845A263240}.Win7 Debug|x64.Deploy.0 = Debug|x64
		{CE756A3E-0729-4843-A81E-39845A263240}.Win7 Release|ARM.ActiveCfg = Release|Win32
		{CE756A3E-0729-4843-A81E-39845A263240}.Win7 Release|Win32.ActiveCfg = Release|Win32
		{CE756A3E-0729-4843-A81E-39845A263240}.Win7 Release|Win32.Build.0 = Release|Win32
		{CE756A3E-0729-4843-A81E-39845A263240}.Win7 Release|x64.ActiveCfg = Release|x64
		{CE756A3E-0729-4843-A81E-39845A263240}.Win7 Release|x64.Build.0 = Release|x64
		{CE756A3E-0729-4843-A81E-39845A263240}.Win7 Release|x64.Deploy.0 = Release|x64
		{55AFC206-D186-4933-ABCA-2256CF0FFBC4}.Debug|ARM.ActiveCfg = Debug|ARM
		{55AFC206-D186-4933-ABCA-2256CF0FFBC4}.Debug|ARM.Build.0 = Debug|ARM
		{55AFC206-D186-4933-ABCA-2256CF0FFBC4}.Debug|Win32.ActiveCfg = Debug|Win32
		{55AFC206-D186-4933-ABCA-2256CF0FFBC4}.Debug|Win32.Build.0 = Debug|Win32
		{55AFC206-D186-4933-ABCA-2256CF0FFBC4}.Debug|x64.ActiveCfg = Debug|x64
		{55AFC206-D186-4933-ABCA-2256CF0FFBC4}.Debug|x64.Build.0 = Debug|x64
		{55AFC206-D186-4933-ABCA-2256CF0FFBC4}.Debug|x64.Deploy.0 = Debug|x64
		{55AFC206-D186-4933-ABCA-2256CF0FFBC4}.Release|ARM.ActiveCfg = Release|ARM
		{55AFC206-D186-4933-ABCA-2256CF0FFBC4}.Release|ARM.Build.0 = Release|ARM
		{55AFC206-D186-4933-ABCA-2256CF0FFBC4}.Release|Win32.ActiveCfg = Release|Win32
		{55AFC206-D186-4933-ABCA-2256CF0FFBC4}.Release|Win32.Build.0 = Release|Win32
		{55AFC206-D186-4933-ABCA-2256CF0FFBC4}.Release|x64.ActiveCfg = Release|x64
		{55AFC206-D186-4933-ABCA-2256CF0FFBC4}.Release|x64.Build.0 = Release|x64
		{55AFC206-D186-4933-ABCA-2256CF0FFBC4}.Release|x64.Deploy.0 = Release|x64
		{55AFC206-D186-4933-ABCA-2256CF0FFBC4}.Win7 Debug|ARM.ActiveCfg = Debug|ARM
		{55AFC206-D186-4933-ABCA-2256CF0FFBC4}.Win7 Debug|ARM.Build.0 = Debug|ARM
		{55AFC206-D186-4933-ABCA-2256CF0FFBC4}.Win7 Debug|Win32.ActiveCfg = Debug|Win32
		{55AFC206-D186-4933-ABCA-2256CF0FFBC4}.Win7 Debug|Win32.Build.0 = Debug|Win32
		{55AFC206-D186-4933-ABCA-2256CF0FFBC4}.Win7 Debug|x64.ActiveCfg = Debug|x64
		{55AFC206-D186-4933-ABCA-2256CF0FFBC4}.Win7 Debug|x64.Build.0 = Debug|x64
		{55AFC206-D186-4933-ABCA-2256CF0FFBC4}.Win7 Debug|x64.Deploy.0 = Debug|x64
		{55AFC206-D186-4933-ABCA-2256CF0FFBC4}.Win7 Release|ARM.ActiveCfg = Release|ARM
		{55AFC206-D186-4933-ABCA-2256CF0FFBC4}.Win7 Release|ARM.Build.0 = Release|ARM
		{55AFC206-D186-4933-ABCA-2256CF0FFBC4}.Win7 Release|Win32.ActiveCfg = Release|Win32
		{55AFC206-D186-4933-ABCA-2256CF0FFBC4}.Win7 Release|Win32.Build.0 = Release|Win32
		{55AFC206-D186-4933-ABCA-2256CF0FFBC4}.Win7 Release|x64.ActiveCfg = Release|x64
		{55AFC206-D186-4933-ABCA-2256CF0FFBC4}.Win7 Release|x64.Build.0 = Release|x64
		{55AFC206-D186-4933-ABCA-2256CF0FFBC4}.Win7 Release|x64.Deploy.0 = Release|x64
		{01D298FC-A5B5-4FEF-AB18-F85EEDFB699B}.Debug|ARM.ActiveCfg = Debug|ARM
		{01D298FC-A5B5-4FEF-AB18-F85EEDFB699B}.Debug|ARM.Build.0 = Debug|ARM
		{01D298FC-A5B5-4FEF-AB18-F85EEDFB699B}.Debug|Win32.ActiveCfg = Debug|Win32
		{01D298FC-A5B5-4FEF-AB18-F85EEDFB699B}.Debug|Win32.Build.0 = Debug|Win32
		{01D298FC-A5B5-4FEF-AB18-F85EEDFB699B}.Debug|x64.ActiveCfg = Debug|x64
		{01D298FC-A5B5-4FEF-AB18-F85EEDFB699B}.Debug|x64.Build.0 = Debug|x64
		{01D298FC-A5B5-4FEF-AB18-F85EEDFB699B}.Debug|x64.Deploy.0 = Debug|x64
		{01D298FC-A5B5-4FEF-AB18-F85EEDFB699B}.Release|ARM.ActiveCfg = Release|ARM
		{01D298FC-A5B5-4FEF-AB18-F85EEDFB699B}.Release|ARM.Build.0 = Release|ARM
		{01D298FC-A5B5-4FEF-AB18-F85EEDFB699B}.Release|Win32.ActiveCfg = Release|Win32
		{01D298FC-A5B5-4FEF-AB18-F85EEDFB699B}.Release|Win32.Build.0 = Release|Win32
		{01D298FC-A5B5-4FEF-AB18-F85EEDFB699B}.Release|x64.ActiveCfg = Release|x64
		{01D298FC-A5B5-4FEF-AB18-F85EEDFB699B}.Release|x64.Build.0 = Release|x64
		{01D298FC-A5B5-4FEF-AB18-F85EEDFB699B}.Release|x64.Deploy.0 = Release|x64
		{01D298FC-A5B5-4FEF-AB18-F85EEDFB699B}.Win7 Debug|ARM.ActiveCfg = Debug|ARM
		{01D298FC-A5B5-4FEF-AB18-F85EEDFB699B}.Win7 Debug|ARM.Build.0 = Debug|ARM
		{01D298FC-A5B5-4FEF-AB18-F85EEDFB699B}.Win7 Debug|Win32.ActiveCfg = Debug|Win32
		{01D298FC-A5B5-4FEF-AB18-F85EEDFB699B}.Win7 Debug|Win32.Build.0 = Debug|Win32
		{01D298FC-A5B5-4FEF-AB18-F85EEDFB699B}.Win7 Debug|x64.ActiveCfg = Debug|x64
		{01D298FC-A5B5-4FEF-AB18-F85EEDFB699B}.Win7 Debug|x64.Build.0 = Debug|x64
		{01D298FC-A5B5-4FEF-AB18-F85EEDFB699B}.Win7 Debug|x64.Deploy.0 = Debug|x64
		{01D298FC-A5B5-4FEF-AB18-F85EEDFB699B}.Win7 Release|ARM.ActiveCfg = Release|ARM
		{01D298FC-A5B5-4FEF-AB18-F85EEDFB699B}.Win7 Release|ARM.Build.0 = Release|ARM
		{01D298FC-A5B5-4FEF-AB18-F85EEDFB699B}.Win7 Release|Win32.ActiveCfg = Release|Win32
		{01D298FC-A5B5-4FEF-AB18-F85EEDFB699B}.Win7 Release|Win32.Build.0 = Release|Win32
		{01D298FC-A5B5-4FEF-AB18-F85EEDFB699B}.Win7 Release|x64.ActiveCfg = Release|x64
		{01D298FC-A5B5-4FEF-AB18-F85EEDFB699B}.Win7 Release|x64.Build.0 = Release|x64
		{01D298FC-A5B5-4FEF-AB18-F85EEDFB699B}.Win7 Release|x64.Deploy.0 = Release|x64
	EndGlobalSection
	GlobalSection(SolutionProperties) = preSolution
		HideSolutionNode = FALSE
	EndGlobalSection
	GlobalSection(NestedProjects) = preSolution
		{CE756A3E-0729-4843-A81E-39845A263240} = {C4BAFCB7-D91A-40D4-8F9D-E31322CEDDA3}
		{55AFC206-D186-4933-ABCA-2256CF0FFBC4} = {C4BAFCB7-D91A-40D4-8F9D-E31322CEDDA3}
		{01D298FC-A5B5-4FEF-AB18-F85EEDFB699B} = {C4BAFCB7-D91A-40D4-8F9D-E31322CEDDA3}
	EndGlobalSection
EndGlobal
