
Microsoft Visual Studio Solution File, Format Version 12.00
# Visual Studio 2013
VisualStudioVersion = 12.0.31101.0
MinimumVisualStudioVersion = 10.0.40219.1
Project("{8BC9CEB8-8B4A-11D0-8D11-00A0C91BC942}") = "imdrv", "kernel\imdrv\imdrv.vcxproj", "{46188C73-C71F-4F42-81DE-8B5A72C6931F}"
EndProject
Project("{8BC9CEB8-8B4A-11D0-8D11-00A0C91BC942}") = "imlib", "libs\imlib\imlib.vcxproj", "{77FC5195-3485-459F-B891-6058F5B7B814}"
EndProject
Project("{8BC9CEB8-8B4A-11D0-8D11-00A0C91BC942}") = "imapp", "client\imapp\imapp.vcxproj", "{E012D57A-822A-4186-821B-7D11079E99DC}"
EndProject
Project("{2150E333-8FDC-42A3-9474-1A3956D46DE8}") = "tests", "tests", "{C4BAFCB7-D91A-40D4-8F9D-E31322CEDDA3}"
EndProject
Project("{8BC9CEB8-8B4A-11D0-8D11-00A0C91BC942}") = "testapp0", "tests\testapp0\testapp0.vcxproj", "{9BED2894-EA9F-4EC6-9C73-E3959FE0D2E2}"
EndProject
Project("{8BC9CEB8-8B4A-11D0-8D11-00A0C91BC942}") = "testdll0", "tests\testdll0\testdll0.vcxproj", "{1463BF1C-DB4D-40D2-9C05-9CA063AF1542}"
EndProject
Project("{8BC9CEB8-8B4A-11D0-8D11-00A0C91BC942}") = "testdll1", "tests\testdll1\testdll1.vcxproj", "{2CA95282-7DB9-421B-AE5F-D6F4D9B13250}"
EndProject
Global
	GlobalSection(SolutionConfigurationPlatforms) = preSolution
		Debug|ARM = Debug|ARM
		Debug|Mixed Platforms = Debug|Mixed Platforms
		Debug|Win32 = Debug|Win32
		Debug|x64 = Debug|x64
		Release|ARM = Release|ARM
		Release|Mixed Platforms = Release|Mixed Platforms
		Release|Win32 = Release|Win32
		Release|x64 = Release|x64
		Win7 Debug|ARM = Win7 Debug|ARM
		Win7 Debug|Mixed Platforms = Win7 Debug|Mixed Platforms
		Win7 Debug|Win32 = Win7 Debug|Win32
		Win7 Debug|x64 = Win7 Debug|x64
		Win7 Release|ARM = Win7 Release|ARM
		Win7 Release|Mixed Platforms = Win7 Release|Mixed Platforms
		Win7 Release|Win32 = Win7 Release|Win32
		Win7 Release|x64 = Win7 Release|x64
	EndGlobalSection
	GlobalSection(ProjectConfigurationPlatforms) = postSolution
		{46188C73-C71F-4F42-81DE-8B5A72C6931F}.Debug|ARM.ActiveCfg = Debug|x64
		{46188C73-C71F-4F42-81DE-8B5A72C6931F}.Debug|Mixed Platforms.ActiveCfg = Debug|x64
		{46188C73-C71F-4F42-81DE-8B5A72C6931F}.Debug|Mixed Platforms.Build.0 = Debug|x64
		{46188C73-C71F-4F42-81DE-8B5A72C6931F}.Debug|Win32.ActiveCfg = Debug|x64
		{46188C73-C71F-4F42-81DE-8B5A72C6931F}.Debug|x64.ActiveCfg = Debug|x64
		{46188C73-C71F-4F42-81DE-8B5A72C6931F}.Debug|x64.Build.0 = Debug|x64
		{46188C73-C71F-4F42-81DE-8B5A72C6931F}.Release|ARM.ActiveCfg = Win7 Release|x64
		{46188C73-C71F-4F42-81DE-8B5A72C6931F}.Release|Mixed Platforms.ActiveCfg = Win7 Release|x64
		{46188C73-C71F-4F42-81DE-8B5A72C6931F}.Release|Mixed Platforms.Build.0 = Win7 Release|x64
		{46188C73-C71F-4F42-81DE-8B5A72C6931F}.Release|Win32.ActiveCfg = Win7 Release|x64
		{46188C73-C71F-4F42-81DE-8B5A72C6931F}.Release|x64.ActiveCfg = Win7 Release|x64
		{46188C73-C71F-4F42-81DE-8B5A72C6931F}.Release|x64.Build.0 = Win7 Release|x64
		{46188C73-C71F-4F42-81DE-8B5A72C6931F}.Release|x64.Deploy.0 = Win7 Release|x64
		{46188C73-C71F-4F42-81DE-8B5A72C6931F}.Win7 Debug|ARM.ActiveCfg = Debug|x64
		{46188C73-C71F-4F42-81DE-8B5A72C6931F}.Win7 Debug|Mixed Platforms.ActiveCfg = Debug|x64
		{46188C73-C71F-4F42-81DE-8B5A72C6931F}.Win7 Debug|Mixed Platforms.Build.0 = Debug|x64
		{46188C73-C71F-4F42-81DE-8B5A72C6931F}.Win7 Debug|Win32.ActiveCfg = Debug|x64
		{46188C73-C71F-4F42-81DE-8B5A72C6931F}.Win7 Debug|x64.ActiveCfg = Debug|x64
		{46188C73-C71F-4F42-81DE-8B5A72C6931F}.Win7 Debug|x64.Build.0 = Debug|x64
		{46188C73-C71F-4F42-81DE-8B5A72C6931F}.Win7 Release|ARM.ActiveCfg = Win7 Release|x64
		{46188C73-C71F-4F42-81DE-8B5A72C6931F}.Win7 Release|Mixed Platforms.ActiveCfg = Win7 Release|x64
		{46188C73-C71F-4F42-81DE-8B5A72C6931F}.Win7 Release|Mixed Platforms.Build.0 = Win7 Release|x64
		{46188C73-C71F-4F42-81DE-8B5A72C6931F}.Win7 Release|Win32.ActiveCfg = Win7 Release|x64
		{46188C73-C71F-4F42-81DE-8B5A72C6931F}.Win7 Release|x64.ActiveCfg = Win7 Release|x64
		{46188C73-C71F-4F42-81DE-8B5A72C6931F}.Win7 Release|x64.Build.0 = Win7 Release|x64
		{46188C73-C71F-4F42-81DE-8B5A72C6931F}.Win7 Release|x64.Deploy.0 = Win7 Release|x64
		{77FC5195-3485-459F-B891-6058F5B7B814}.Debug|ARM.ActiveCfg = Debug|x64
		{77FC5195-3485-459F-B891-6058F5B7B814}.Debug|Mixed Platforms.ActiveCfg = Debug|x64
		{77FC5195-3485-459F-B891-6058F5B7B814}.Debug|Mixed Platforms.Build.0 = Debug|x64
		{77FC5195-3485-459F-B891-6058F5B7B814}.Debug|Win32.ActiveCfg = Debug|x64
		{77FC5195-3485-459F-B891-6058F5B7B814}.Debug|x64.ActiveCfg = Debug|x64
		{77FC5195-3485-459F-B891-6058F5B7B814}.Debug|x64.Build.0 = Debug|x64
		{77FC5195-3485-459F-B891-6058F5B7B814}.Debug|x64.Deploy.0 = Debug|x64
		{77FC5195-3485-459F-B891-6058F5B7B814}.Release|ARM.ActiveCfg = Release|x64
		{77FC5195-3485-459F-B891-6058F5B7B814}.Release|Mixed Platforms.ActiveCfg = Release|x64
		{77FC5195-3485-459F-B891-6058F5B7B814}.Release|Mixed Platforms.Build.0 = Release|x64
		{77FC5195-3485-459F-B891-6058F5B7B814}.Release|Win32.ActiveCfg = Release|x64
		{77FC5195-3485-459F-B891-6058F5B7B814}.Release|x64.ActiveCfg = Release|x64
		{77FC5195-3485-459F-B891-6058F5B7B814}.Release|x64.Build.0 = Release|x64
		{77FC5195-3485-459F-B891-6058F5B7B814}.Release|x64.Deploy.0 = Release|x64
		{77FC5195-3485-459F-B891-6058F5B7B814}.Win7 Debug|ARM.ActiveCfg = Debug|x64
		{77FC5195-3485-459F-B891-6058F5B7B814}.Win7 Debug|Mixed Platforms.ActiveCfg = Debug|x64
		{77FC5195-3485-459F-B891-6058F5B7B814}.Win7 Debug|Mixed Platforms.Build.0 = Debug|x64
		{77FC5195-3485-459F-B891-6058F5B7B814}.Win7 Debug|Win32.ActiveCfg = Debug|x64
		{77FC5195-3485-459F-B891-6058F5B7B814}.Win7 Debug|x64.ActiveCfg = Debug|x64
		{77FC5195-3485-459F-B891-6058F5B7B814}.Win7 Debug|x64.Build.0 = Debug|x64
		{77FC5195-3485-459F-B891-6058F5B7B814}.Win7 Debug|x64.Deploy.0 = Debug|x64
		{77FC5195-3485-459F-B891-6058F5B7B814}.Win7 Release|ARM.ActiveCfg = Release|x64
		{77FC5195-3485-459F-B891-6058F5B7B814}.Win7 Release|Mixed Platforms.ActiveCfg = Release|x64
		{77FC5195-3485-459F-B891-6058F5B7B814}.Win7 Release|Mixed Platforms.Build.0 = Release|x64
		{77FC5195-3485-459F-B891-6058F5B7B814}.Win7 Release|Win32.ActiveCfg = Release|x64
		{77FC5195-3485-459F-B891-6058F5B7B814}.Win7 Release|x64.ActiveCfg = Release|x64
		{77FC5195-3485-459F-B891-6058F5B7B814}.Win7 Release|x64.Build.0 = Release|x64
		{77FC5195-3485-459F-B891-6058F5B7B814}.Win7 Release|x64.Deploy.0 = Release|x64
		{E012D57A-822A-4186-821B-7D11079E99DC}.Debug|ARM.ActiveCfg = Debug|x64
		{E012D57A-822A-4186-821B-7D11079E99DC}.Debug|Mixed Platforms.ActiveCfg = Debug|x64
		{E012D57A-822A-4186-821B-7D11079E99DC}.Debug|Mixed Platforms.Build.0 = Debug|x64
		{E012D57A-822A-4186-821B-7D11079E99DC}.Debug|Win32.ActiveCfg = Debug|x64
		{E012D57A-822A-4186-821B-7D11079E99DC}.Debug|x64.ActiveCfg = Debug|x64
		{E012D57A-822A-4186-821B-7D11079E99DC}.Debug|x64.Build.0 = Debug|x64
		{E012D57A-822A-4186-821B-7D11079E99DC}.Debug|x64.Deploy.0 = Debug|x64
		{E012D57A-822A-4186-821B-7D11079E99DC}.Release|ARM.ActiveCfg = Release|x64
		{E012D57A-822A-4186-821B-7D11079E99DC}.Release|Mixed Platforms.ActiveCfg = Release|x64
		{E012D57A-822A-4186-821B-7D11079E99DC}.Release|Mixed Platforms.Build.0 = Release|x64
		{E012D57A-822A-4186-821B-7D11079E99DC}.Release|Win32.ActiveCfg = Release|x64
		{E012D57A-822A-4186-821B-7D11079E99DC}.Release|x64.ActiveCfg = Release|x64
		{E012D57A-822A-4186-821B-7D11079E99DC}.Release|x64.Build.0 = Release|x64
		{E012D57A-822A-4186-821B-7D11079E99DC}.Release|x64.Deploy.0 = Release|x64
		{E012D57A-822A-4186-821B-7D11079E99DC}.Win7 Debug|ARM.ActiveCfg = Debug|x64
		{E012D57A-822A-4186-821B-7D11079E99DC}.Win7 Debug|Mixed Platforms.ActiveCfg = Debug|x64
		{E012D57A-822A-4186-821B-7D11079E99DC}.Win7 Debug|Mixed Platforms.Build.0 = Debug|x64
		{E012D57A-822A-4186-821B-7D11079E99DC}.Win7 Debug|Win32.ActiveCfg = Debug|x64
		{E012D57A-822A-4186-821B-7D11079E99DC}.Win7 Debug|x64.ActiveCfg = Debug|x64
		{E012D57A-822A-4186-821B-7D11079E99DC}.Win7 Debug|x64.Build.0 = Debug|x64
		{E012D57A-822A-4186-821B-7D11079E99DC}.Win7 Debug|x64.Deploy.0 = Debug|x64
		{E012D57A-822A-4186-821B-7D11079E99DC}.Win7 Release|ARM.ActiveCfg = Release|x64
		{E012D57A-822A-4186-821B-7D11079E99DC}.Win7 Release|Mixed Platforms.ActiveCfg = Release|x64
		{E012D57A-822A-4186-821B-7D11079E99DC}.Win7 Release|Mixed Platforms.Build.0 = Release|x64
		{E012D57A-822A-4186-821B-7D11079E99DC}.Win7 Release|Win32.ActiveCfg = Release|x64
		{E012D57A-822A-4186-821B-7D11079E99DC}.Win7 Release|x64.ActiveCfg = Release|x64
		{E012D57A-822A-4186-821B-7D11079E99DC}.Win7 Release|x64.Build.0 = Release|x64
		{E012D57A-822A-4186-821B-7D11079E99DC}.Win7 Release|x64.Deploy.0 = Release|x64
		{9BED2894-EA9F-4EC6-9C73-E3959FE0D2E2}.Debug|ARM.ActiveCfg = Debug|Win32
		{9BED2894-EA9F-4EC6-9C73-E3959FE0D2E2}.Debug|Mixed Platforms.ActiveCfg = Debug|x64
		{9BED2894-EA9F-4EC6-9C73-E3959FE0D2E2}.Debug|Mixed Platforms.Build.0 = Debug|x64
		{9BED2894-EA9F-4EC6-9C73-E3959FE0D2E2}.Debug|Win32.ActiveCfg = Debug|Win32
		{9BED2894-EA9F-4EC6-9C73-E3959FE0D2E2}.Debug|Win32.Build.0 = Debug|Win32
		{9BED2894-EA9F-4EC6-9C73-E3959FE0D2E2}.Debug|x64.ActiveCfg = Debug|x64
		{9BED2894-EA9F-4EC6-9C73-E3959FE0D2E2}.Release|ARM.ActiveCfg = Release|Win32
		{9BED2894-EA9F-4EC6-9C73-E3959FE0D2E2}.Release|Mixed Platforms.ActiveCfg = Release|Win32
		{9BED2894-EA9F-4EC6-9C73-E3959FE0D2E2}.Release|Mixed Platforms.Build.0 = Release|Win32
		{9BED2894-EA9F-4EC6-9C73-E3959FE0D2E2}.Release|Win32.ActiveCfg = Release|Win32
		{9BED2894-EA9F-4EC6-9C73-E3959FE0D2E2}.Release|Win32.Build.0 = Release|Win32
		{9BED2894-EA9F-4EC6-9C73-E3959FE0D2E2}.Release|x64.ActiveCfg = Release|Win32
		{9BED2894-EA9F-4EC6-9C73-E3959FE0D2E2}.Win7 Debug|ARM.ActiveCfg = Debug|Win32
		{9BED2894-EA9F-4EC6-9C73-E3959FE0D2E2}.Win7 Debug|Mixed Platforms.ActiveCfg = Debug|Win32
		{9BED2894-EA9F-4EC6-9C73-E3959FE0D2E2}.Win7 Debug|Mixed Platforms.Build.0 = Debug|Win32
		{9BED2894-EA9F-4EC6-9C73-E3959FE0D2E2}.Win7 Debug|Win32.ActiveCfg = Debug|Win32
		{9BED2894-EA9F-4EC6-9C73-E3959FE0D2E2}.Win7 Debug|Win32.Build.0 = Debug|Win32
		{9BED2894-EA9F-4EC6-9C73-E3959FE0D2E2}.Win7 Debug|x64.ActiveCfg = Debug|Win32
		{9BED2894-EA9F-4EC6-9C73-E3959FE0D2E2}.Win7 Release|ARM.ActiveCfg = Release|Win32
		{9BED2894-EA9F-4EC6-9C73-E3959FE0D2E2}.Win7 Release|Mixed Platforms.ActiveCfg = Release|Win32
		{9BED2894-EA9F-4EC6-9C73-E3959FE0D2E2}.Win7 Release|Mixed Platforms.Build.0 = Release|Win32
		{9BED2894-EA9F-4EC6-9C73-E3959FE0D2E2}.Win7 Release|Win32.ActiveCfg = Release|Win32
		{9BED2894-EA9F-4EC6-9C73-E3959FE0D2E2}.Win7 Release|Win32.Build.0 = Release|Win32
		{9BED2894-EA9F-4EC6-9C73-E3959FE0D2E2}.Win7 Release|x64.ActiveCfg = Release|Win32
		{1463BF1C-DB4D-40D2-9C05-9CA063AF1542}.Debug|ARM.ActiveCfg = Debug|Win32
		{1463BF1C-DB4D-40D2-9C05-9CA063AF1542}.Debug|Mixed Platforms.ActiveCfg = Debug|Win32
		{1463BF1C-DB4D-40D2-9C05-9CA063AF1542}.Debug|Mixed Platforms.Build.0 = Debug|Win32
		{1463BF1C-DB4D-40D2-9C05-9CA063AF1542}.Debug|Win32.ActiveCfg = Debug|Win32
		{1463BF1C-DB4D-40D2-9C05-9CA063AF1542}.Debug|Win32.Build.0 = Debug|Win32
		{1463BF1C-DB4D-40D2-9C05-9CA063AF1542}.Debug|x64.ActiveCfg = Debug|x64
		{1463BF1C-DB4D-40D2-9C05-9CA063AF1542}.Debug|x64.Build.0 = Debug|x64
		{1463BF1C-DB4D-40D2-9C05-9CA063AF1542}.Release|ARM.ActiveCfg = Release|Win32
		{1463BF1C-DB4D-40D2-9C05-9CA063AF1542}.Release|Mixed Platforms.ActiveCfg = Release|Win32
		{1463BF1C-DB4D-40D2-9C05-9CA063AF1542}.Release|Mixed Platforms.Build.0 = Release|Win32
		{1463BF1C-DB4D-40D2-9C05-9CA063AF1542}.Release|Win32.ActiveCfg = Release|Win32
		{1463BF1C-DB4D-40D2-9C05-9CA063AF1542}.Release|Win32.Build.0 = Release|Win32
		{1463BF1C-DB4D-40D2-9C05-9CA063AF1542}.Release|x64.ActiveCfg = Release|x64
		{1463BF1C-DB4D-40D2-9C05-9CA063AF1542}.Release|x64.Build.0 = Release|x64
		{1463BF1C-DB4D-40D2-9C05-9CA063AF1542}.Win7 Debug|ARM.ActiveCfg = Release|x64
		{1463BF1C-DB4D-40D2-9C05-9CA063AF1542}.Win7 Debug|ARM.Build.0 = Release|x64
		{1463BF1C-DB4D-40D2-9C05-9CA063AF1542}.Win7 Debug|Mixed Platforms.ActiveCfg = Debug|Win32
		{1463BF1C-DB4D-40D2-9C05-9CA063AF1542}.Win7 Debug|Mixed Platforms.Build.0 = Debug|Win32
		{1463BF1C-DB4D-40D2-9C05-9CA063AF1542}.Win7 Debug|Win32.ActiveCfg = Debug|Win32
		{1463BF1C-DB4D-40D2-9C05-9CA063AF1542}.Win7 Debug|Win32.Build.0 = Debug|Win32
		{1463BF1C-DB4D-40D2-9C05-9CA063AF1542}.Win7 Debug|x64.ActiveCfg = Debug|x64
		{1463BF1C-DB4D-40D2-9C05-9CA063AF1542}.Win7 Debug|x64.Build.0 = Debug|x64
		{1463BF1C-DB4D-40D2-9C05-9CA063AF1542}.Win7 Release|ARM.ActiveCfg = Release|x64
		{1463BF1C-DB4D-40D2-9C05-9CA063AF1542}.Win7 Release|ARM.Build.0 = Release|x64
		{1463BF1C-DB4D-40D2-9C05-9CA063AF1542}.Win7 Release|Mixed Platforms.ActiveCfg = Release|Win32
		{1463BF1C-DB4D-40D2-9C05-9CA063AF1542}.Win7 Release|Mixed Platforms.Build.0 = Release|Win32
		{1463BF1C-DB4D-40D2-9C05-9CA063AF1542}.Win7 Release|Win32.ActiveCfg = Release|Win32
		{1463BF1C-DB4D-40D2-9C05-9CA063AF1542}.Win7 Release|Win32.Build.0 = Release|Win32
		{1463BF1C-DB4D-40D2-9C05-9CA063AF1542}.Win7 Release|x64.ActiveCfg = Release|x64
		{1463BF1C-DB4D-40D2-9C05-9CA063AF1542}.Win7 Release|x64.Build.0 = Release|x64
		{2CA95282-7DB9-421B-AE5F-D6F4D9B13250}.Debug|ARM.ActiveCfg = Debug|Win32
		{2CA95282-7DB9-421B-AE5F-D6F4D9B13250}.Debug|Mixed Platforms.ActiveCfg = Debug|Win32
		{2CA95282-7DB9-421B-AE5F-D6F4D9B13250}.Debug|Mixed Platforms.Build.0 = Debug|Win32
		{2CA95282-7DB9-421B-AE5F-D6F4D9B13250}.Debug|Win32.ActiveCfg = Debug|Win32
		{2CA95282-7DB9-421B-AE5F-D6F4D9B13250}.Debug|Win32.Build.0 = Debug|Win32
		{2CA95282-7DB9-421B-AE5F-D6F4D9B13250}.Debug|x64.ActiveCfg = Debug|x64
		{2CA95282-7DB9-421B-AE5F-D6F4D9B13250}.Debug|x64.Build.0 = Debug|x64
		{2CA95282-7DB9-421B-AE5F-D6F4D9B13250}.Release|ARM.ActiveCfg = Release|Win32
		{2CA95282-7DB9-421B-AE5F-D6F4D9B13250}.Release|Mixed Platforms.ActiveCfg = Release|Win32
		{2CA95282-7DB9-421B-AE5F-D6F4D9B13250}.Release|Mixed Platforms.Build.0 = Release|Win32
		{2CA95282-7DB9-421B-AE5F-D6F4D9B13250}.Release|Win32.ActiveCfg = Release|Win32
		{2CA95282-7DB9-421B-AE5F-D6F4D9B13250}.Release|Win32.Build.0 = Release|Win32
		{2CA95282-7DB9-421B-AE5F-D6F4D9B13250}.Release|x64.ActiveCfg = Release|x64
		{2CA95282-7DB9-421B-AE5F-D6F4D9B13250}.Release|x64.Build.0 = Release|x64
		{2CA95282-7DB9-421B-AE5F-D6F4D9B13250}.Win7 Debug|ARM.ActiveCfg = Debug|Win32
		{2CA95282-7DB9-421B-AE5F-D6F4D9B13250}.Win7 Debug|Mixed Platforms.ActiveCfg = Debug|Win32
		{2CA95282-7DB9-421B-AE5F-D6F4D9B13250}.Win7 Debug|Mixed Platforms.Build.0 = Debug|Win32
		{2CA95282-7DB9-421B-AE5F-D6F4D9B13250}.Win7 Debug|Win32.ActiveCfg = Debug|Win32
		{2CA95282-7DB9-421B-AE5F-D6F4D9B13250}.Win7 Debug|Win32.Build.0 = Debug|Win32
		{2CA95282-7DB9-421B-AE5F-D6F4D9B13250}.Win7 Debug|x64.ActiveCfg = Debug|x64
		{2CA95282-7DB9-421B-AE5F-D6F4D9B13250}.Win7 Debug|x64.Build.0 = Debug|x64
		{2CA95282-7DB9-421B-AE5F-D6F4D9B13250}.Win7 Release|ARM.ActiveCfg = Release|Win32
		{2CA95282-7DB9-421B-AE5F-D6F4D9B13250}.Win7 Release|Mixed Platforms.ActiveCfg = Release|Win32
		{2CA95282-7DB9-421B-AE5F-D6F4D9B13250}.Win7 Release|Mixed Platforms.Build.0 = Release|Win32
		{2CA95282-7DB9-421B-AE5F-D6F4D9B13250}.Win7 Release|Win32.ActiveCfg = Release|Win32
		{2CA95282-7DB9-421B-AE5F-D6F4D9B13250}.Win7 Release|Win32.Build.0 = Release|Win32
		{2CA95282-7DB9-421B-AE5F-D6F4D9B13250}.Win7 Release|x64.ActiveCfg = Release|x64
		{2CA95282-7DB9-421B-AE5F-D6F4D9B13250}.Win7 Release|x64.Build.0 = Release|x64
	EndGlobalSection
	GlobalSection(SolutionProperties) = preSolution
		HideSolutionNode = FALSE
	EndGlobalSection
	GlobalSection(NestedProjects) = preSolution
		{9BED2894-EA9F-4EC6-9C73-E3959FE0D2E2} = {C4BAFCB7-D91A-40D4-8F9D-E31322CEDDA3}
		{1463BF1C-DB4D-40D2-9C05-9CA063AF1542} = {C4BAFCB7-D91A-40D4-8F9D-E31322CEDDA3}
		{2CA95282-7DB9-421B-AE5F-D6F4D9B13250} = {C4BAFCB7-D91A-40D4-8F9D-E31322CEDDA3}
	EndGlobalSection
	GlobalSection(ExtensibilityGlobals) = postSolution
		SolutionGuid = {1E1DAA99-0B98-45DF-B020-5F2B4E57B5F9}
	EndGlobalSection
EndGlobal
